
Microsoft Visual Studio Solution File, Format Version 12.00
# Visual Studio 15
VisualStudioVersion = 15.0.28307.136
MinimumVisualStudioVersion = 10.0.40219.1
Project("{FAE04EC0-301F-11D3-BF4B-00C04F79EFBC}") = "RockLib.Collections", "RockLib.Collections\RockLib.Collections.csproj", "{BC7CF219-8126-4CAA-ADA2-BB62C46F0C1A}"
EndProject
Project("{FAE04EC0-301F-11D3-BF4B-00C04F79EFBC}") = "RockLib.Collections.Tests", "RockLib.Collections.Tests\RockLib.Collections.Tests.csproj", "{025CAD9D-30D6-4641-B227-1D6F7CE1E283}"
EndProject
Global
	GlobalSection(SolutionConfigurationPlatforms) = preSolution
		Debug|Any CPU = Debug|Any CPU
		Release|Any CPU = Release|Any CPU
	EndGlobalSection
	GlobalSection(ProjectConfigurationPlatforms) = postSolution
		{BC7CF219-8126-4CAA-ADA2-BB62C46F0C1A}.Debug|Any CPU.ActiveCfg = Debug|Any CPU
		{BC7CF219-8126-4CAA-ADA2-BB62C46F0C1A}.Debug|Any CPU.Build.0 = Debug|Any CPU
		{BC7CF219-8126-4CAA-ADA2-BB62C46F0C1A}.Release|Any CPU.ActiveCfg = Release|Any CPU
		{BC7CF219-8126-4CAA-ADA2-BB62C46F0C1A}.Release|Any CPU.Build.0 = Release|Any CPU
		{025CAD9D-30D6-4641-B227-1D6F7CE1E283}.Debug|Any CPU.ActiveCfg = Debug|Any CPU
		{025CAD9D-30D6-4641-B227-1D6F7CE1E283}.Debug|Any CPU.Build.0 = Debug|Any CPU
		{025CAD9D-30D6-4641-B227-1D6F7CE1E283}.Release|Any CPU.ActiveCfg = Release|Any CPU
		{025CAD9D-30D6-4641-B227-1D6F7CE1E283}.Release|Any CPU.Build.0 = Release|Any CPU
	EndGlobalSection
	GlobalSection(SolutionProperties) = preSolution
		HideSolutionNode = FALSE
	EndGlobalSection
	GlobalSection(ExtensibilityGlobals) = postSolution
		SolutionGuid = {C7B09C01-DDA5-4804-BA65-9409CF268DF3}
	EndGlobalSection
EndGlobal
